
Microsoft Visual Studio Solution File, Format Version 12.00
# Visual Studio Version 17
VisualStudioVersion = 17.5.002.0
MinimumVisualStudioVersion = 10.0.40219.1
Project("{2150E333-8FDC-42A3-9474-1A3956D46DE8}") = "csharp-prep", "csharp-prep", "{A1DF060E-376D-45EA-8B32-5A44C65C7A14}"
EndProject
Project("{9A19103F-16F7-4668-BE54-9A1E7A4F7556}") = "Prep1", "csharp-prep\Prep1\Prep1.csproj", "{61E6A3DA-CC0B-41C8-85E3-4BB24C5527E6}"
EndProject
Project("{9A19103F-16F7-4668-BE54-9A1E7A4F7556}") = "Prep2", "csharp-prep\Prep2\Prep2.csproj", "{245EEEFB-074B-4E36-820C-FED532C5C462}"
EndProject
Project("{9A19103F-16F7-4668-BE54-9A1E7A4F7556}") = "Prep3", "csharp-prep\Prep3\Prep3.csproj", "{EA58AD5C-ECB0-443D-B28F-1298AF6251BD}"
EndProject
Project("{9A19103F-16F7-4668-BE54-9A1E7A4F7556}") = "Prep4", "csharp-prep\Prep4\Prep4.csproj", "{262AC138-7D27-4962-9106-CCDB639AC2F6}"
EndProject
Project("{9A19103F-16F7-4668-BE54-9A1E7A4F7556}") = "Prep5", "csharp-prep\Prep5\Prep5.csproj", "{073AF514-F41F-49AE-808F-891B86298984}"
EndProject
Project("{2150E333-8FDC-42A3-9474-1A3956D46DE8}") = "final", "final", "{5AE8B49D-B6AD-433A-A3B2-786727CCB8DE}"
EndProject
Project("{9A19103F-16F7-4668-BE54-9A1E7A4F7556}") = "FinalProject", "final\FinalProject\FinalProject.csproj", "{E6EBCAA0-9EC4-45CC-B8F0-810AC397E12B}"
EndProject
Project("{9A19103F-16F7-4668-BE54-9A1E7A4F7556}") = "Foundation1", "final\Foundation1\Foundation1.csproj", "{5C9C4AC6-2284-4534-9409-57E347042933}"
EndProject
Project("{9A19103F-16F7-4668-BE54-9A1E7A4F7556}") = "Foundation2", "final\Foundation2\Foundation2.csproj", "{3AA6D142-1D3A-4103-B5FD-F849124A8C16}"
EndProject
Project("{9A19103F-16F7-4668-BE54-9A1E7A4F7556}") = "Foundation3", "final\Foundation3\Foundation3.csproj", "{363E04A5-8E80-49D9-AAB8-608B0CBBF005}"
EndProject
Project("{9A19103F-16F7-4668-BE54-9A1E7A4F7556}") = "Foundation4", "final\Foundation4\Foundation4.csproj", "{307EEA93-55B8-46B0-8A27-817422D26996}"
EndProject
Project("{2150E333-8FDC-42A3-9474-1A3956D46DE8}") = "prepare", "prepare", "{5384E56C-48D1-4566-A790-DAED20B6349F}"
EndProject
Project("{9A19103F-16F7-4668-BE54-9A1E7A4F7556}") = "Learning02", "prepare\Learning02\Learning02.csproj", "{46AD9DA7-063B-4CCC-9CC2-D4EFDC1E2E8B}"
EndProject
Project("{9A19103F-16F7-4668-BE54-9A1E7A4F7556}") = "Learning03", "prepare\Learning03\Learning03.csproj", "{0B6DFE71-AB35-4DE9-AA07-A9C013378CB1}"
EndProject
Project("{9A19103F-16F7-4668-BE54-9A1E7A4F7556}") = "Learning04", "prepare\Learning04\Learning04.csproj", "{69361B95-AE61-4469-AAD4-46917A0E9FD4}"
EndProject
Project("{9A19103F-16F7-4668-BE54-9A1E7A4F7556}") = "Learning05", "prepare\Learning05\Learning05.csproj", "{5FA66C4E-C4C9-4723-AB7C-4584E832C6A7}"
EndProject
Project("{2150E333-8FDC-42A3-9474-1A3956D46DE8}") = "prove", "prove", "{863220DE-CD83-4E87-8815-1D8585868683}"
EndProject
Project("{9A19103F-16F7-4668-BE54-9A1E7A4F7556}") = "Develop02", "prove\Develop02\Develop02.csproj", "{7F9A0894-DB2C-4EEE-8B3E-B0679346EFA0}"
EndProject
Project("{9A19103F-16F7-4668-BE54-9A1E7A4F7556}") = "Develop03", "prove\Develop03\Develop03.csproj", "{40CAA994-CBD6-4116-B6AE-E8AA8E0E98B7}"
EndProject
Project("{9A19103F-16F7-4668-BE54-9A1E7A4F7556}") = "Develop04", "prove\Develop04\Develop04.csproj", "{3A1E1559-B8DD-428A-B97A-5E6910FC0DE4}"
EndProject
Project("{9A19103F-16F7-4668-BE54-9A1E7A4F7556}") = "Develop05", "prove\Develop05\Develop05.csproj", "{E16FFBF1-9D62-4BB3-B16A-683D9EC074F4}"
EndProject
Project("{2150E333-8FDC-42A3-9474-1A3956D46DE8}") = "sandbox", "sandbox", "{D547E7BE-1A57-419E-A68B-8B111C9D7422}"
EndProject
Project("{9A19103F-16F7-4668-BE54-9A1E7A4F7556}") = "Sandbox", "sandbox\Sandbox\Sandbox.csproj", "{58A02803-DDA1-4765-BC93-DC38B5A7C6A4}"
EndProject
Global
	GlobalSection(SolutionConfigurationPlatforms) = preSolution
		Debug|Any CPU = Debug|Any CPU
		Release|Any CPU = Release|Any CPU
	EndGlobalSection
	GlobalSection(ProjectConfigurationPlatforms) = postSolution
		{61E6A3DA-CC0B-41C8-85E3-4BB24C5527E6}.Debug|Any CPU.ActiveCfg = Debug|Any CPU
		{61E6A3DA-CC0B-41C8-85E3-4BB24C5527E6}.Debug|Any CPU.Build.0 = Debug|Any CPU
		{61E6A3DA-CC0B-41C8-85E3-4BB24C5527E6}.Release|Any CPU.ActiveCfg = Release|Any CPU
		{61E6A3DA-CC0B-41C8-85E3-4BB24C5527E6}.Release|Any CPU.Build.0 = Release|Any CPU
		{245EEEFB-074B-4E36-820C-FED532C5C462}.Debug|Any CPU.ActiveCfg = Debug|Any CPU
		{245EEEFB-074B-4E36-820C-FED532C5C462}.Debug|Any CPU.Build.0 = Debug|Any CPU
		{245EEEFB-074B-4E36-820C-FED532C5C462}.Release|Any CPU.ActiveCfg = Release|Any CPU
		{245EEEFB-074B-4E36-820C-FED532C5C462}.Release|Any CPU.Build.0 = Release|Any CPU
		{EA58AD5C-ECB0-443D-B28F-1298AF6251BD}.Debug|Any CPU.ActiveCfg = Debug|Any CPU
		{EA58AD5C-ECB0-443D-B28F-1298AF6251BD}.Debug|Any CPU.Build.0 = Debug|Any CPU
		{EA58AD5C-ECB0-443D-B28F-1298AF6251BD}.Release|Any CPU.ActiveCfg = Release|Any CPU
		{EA58AD5C-ECB0-443D-B28F-1298AF6251BD}.Release|Any CPU.Build.0 = Release|Any CPU
		{262AC138-7D27-4962-9106-CCDB639AC2F6}.Debug|Any CPU.ActiveCfg = Debug|Any CPU
		{262AC138-7D27-4962-9106-CCDB639AC2F6}.Debug|Any CPU.Build.0 = Debug|Any CPU
		{262AC138-7D27-4962-9106-CCDB639AC2F6}.Release|Any CPU.ActiveCfg = Release|Any CPU
		{262AC138-7D27-4962-9106-CCDB639AC2F6}.Release|Any CPU.Build.0 = Release|Any CPU
		{073AF514-F41F-49AE-808F-891B86298984}.Debug|Any CPU.ActiveCfg = Debug|Any CPU
		{073AF514-F41F-49AE-808F-891B86298984}.Debug|Any CPU.Build.0 = Debug|Any CPU
		{073AF514-F41F-49AE-808F-891B86298984}.Release|Any CPU.ActiveCfg = Release|Any CPU
		{073AF514-F41F-49AE-808F-891B86298984}.Release|Any CPU.Build.0 = Release|Any CPU
		{E6EBCAA0-9EC4-45CC-B8F0-810AC397E12B}.Debug|Any CPU.ActiveCfg = Debug|Any CPU
		{E6EBCAA0-9EC4-45CC-B8F0-810AC397E12B}.Debug|Any CPU.Build.0 = Debug|Any CPU
		{E6EBCAA0-9EC4-45CC-B8F0-810AC397E12B}.Release|Any CPU.ActiveCfg = Release|Any CPU
		{E6EBCAA0-9EC4-45CC-B8F0-810AC397E12B}.Release|Any CPU.Build.0 = Release|Any CPU
		{5C9C4AC6-2284-4534-9409-57E347042933}.Debug|Any CPU.ActiveCfg = Debug|Any CPU
		{5C9C4AC6-2284-4534-9409-57E347042933}.Debug|Any CPU.Build.0 = Debug|Any CPU
		{5C9C4AC6-2284-4534-9409-57E347042933}.Release|Any CPU.ActiveCfg = Release|Any CPU
		{5C9C4AC6-2284-4534-9409-57E347042933}.Release|Any CPU.Build.0 = Release|Any CPU
		{3AA6D142-1D3A-4103-B5FD-F849124A8C16}.Debug|Any CPU.ActiveCfg = Debug|Any CPU
		{3AA6D142-1D3A-4103-B5FD-F849124A8C16}.Debug|Any CPU.Build.0 = Debug|Any CPU
		{3AA6D142-1D3A-4103-B5FD-F849124A8C16}.Release|Any CPU.ActiveCfg = Release|Any CPU
		{3AA6D142-1D3A-4103-B5FD-F849124A8C16}.Release|Any CPU.Build.0 = Release|Any CPU
		{363E04A5-8E80-49D9-AAB8-608B0CBBF005}.Debug|Any CPU.ActiveCfg = Debug|Any CPU
		{363E04A5-8E80-49D9-AAB8-608B0CBBF005}.Debug|Any CPU.Build.0 = Debug|Any CPU
		{363E04A5-8E80-49D9-AAB8-608B0CBBF005}.Release|Any CPU.ActiveCfg = Release|Any CPU
		{363E04A5-8E80-49D9-AAB8-608B0CBBF005}.Release|Any CPU.Build.0 = Release|Any CPU
		{307EEA93-55B8-46B0-8A27-817422D26996}.Debug|Any CPU.ActiveCfg = Debug|Any CPU
		{307EEA93-55B8-46B0-8A27-817422D26996}.Debug|Any CPU.Build.0 = Debug|Any CPU
		{307EEA93-55B8-46B0-8A27-817422D26996}.Release|Any CPU.ActiveCfg = Release|Any CPU
		{307EEA93-55B8-46B0-8A27-817422D26996}.Release|Any CPU.Build.0 = Release|Any CPU
		{46AD9DA7-063B-4CCC-9CC2-D4EFDC1E2E8B}.Debug|Any CPU.ActiveCfg = Debug|Any CPU
		{46AD9DA7-063B-4CCC-9CC2-D4EFDC1E2E8B}.Debug|Any CPU.Build.0 = Debug|Any CPU
		{46AD9DA7-063B-4CCC-9CC2-D4EFDC1E2E8B}.Release|Any CPU.ActiveCfg = Release|Any CPU
		{46AD9DA7-063B-4CCC-9CC2-D4EFDC1E2E8B}.Release|Any CPU.Build.0 = Release|Any CPU
		{0B6DFE71-AB35-4DE9-AA07-A9C013378CB1}.Debug|Any CPU.ActiveCfg = Debug|Any CPU
		{0B6DFE71-AB35-4DE9-AA07-A9C013378CB1}.Debug|Any CPU.Build.0 = Debug|Any CPU
		{0B6DFE71-AB35-4DE9-AA07-A9C013378CB1}.Release|Any CPU.ActiveCfg = Release|Any CPU
		{0B6DFE71-AB35-4DE9-AA07-A9C013378CB1}.Release|Any CPU.Build.0 = Release|Any CPU
		{69361B95-AE61-4469-AAD4-46917A0E9FD4}.Debug|Any CPU.ActiveCfg = Debug|Any CPU
		{69361B95-AE61-4469-AAD4-46917A0E9FD4}.Debug|Any CPU.Build.0 = Debug|Any CPU
		{69361B95-AE61-4469-AAD4-46917A0E9FD4}.Release|Any CPU.ActiveCfg = Release|Any CPU
		{69361B95-AE61-4469-AAD4-46917A0E9FD4}.Release|Any CPU.Build.0 = Release|Any CPU
		{5FA66C4E-C4C9-4723-AB7C-4584E832C6A7}.Debug|Any CPU.ActiveCfg = Debug|Any CPU
		{5FA66C4E-C4C9-4723-AB7C-4584E832C6A7}.Debug|Any CPU.Build.0 = Debug|Any CPU
		{5FA66C4E-C4C9-4723-AB7C-4584E832C6A7}.Release|Any CPU.ActiveCfg = Release|Any CPU
		{5FA66C4E-C4C9-4723-AB7C-4584E832C6A7}.Release|Any CPU.Build.0 = Release|Any CPU
		{7F9A0894-DB2C-4EEE-8B3E-B0679346EFA0}.Debug|Any CPU.ActiveCfg = Debug|Any CPU
		{7F9A0894-DB2C-4EEE-8B3E-B0679346EFA0}.Debug|Any CPU.Build.0 = Debug|Any CPU
		{7F9A0894-DB2C-4EEE-8B3E-B0679346EFA0}.Release|Any CPU.ActiveCfg = Release|Any CPU
		{7F9A0894-DB2C-4EEE-8B3E-B0679346EFA0}.Release|Any CPU.Build.0 = Release|Any CPU
		{40CAA994-CBD6-4116-B6AE-E8AA8E0E98B7}.Debug|Any CPU.ActiveCfg = Debug|Any CPU
		{40CAA994-CBD6-4116-B6AE-E8AA8E0E98B7}.Debug|Any CPU.Build.0 = Debug|Any CPU
		{40CAA994-CBD6-4116-B6AE-E8AA8E0E98B7}.Release|Any CPU.ActiveCfg = Release|Any CPU
		{40CAA994-CBD6-4116-B6AE-E8AA8E0E98B7}.Release|Any CPU.Build.0 = Release|Any CPU
		{3A1E1559-B8DD-428A-B97A-5E6910FC0DE4}.Debug|Any CPU.ActiveCfg = Debug|Any CPU
		{3A1E1559-B8DD-428A-B97A-5E6910FC0DE4}.Debug|Any CPU.Build.0 = Debug|Any CPU
		{3A1E1559-B8DD-428A-B97A-5E6910FC0DE4}.Release|Any CPU.ActiveCfg = Release|Any CPU
		{3A1E1559-B8DD-428A-B97A-5E6910FC0DE4}.Release|Any CPU.Build.0 = Release|Any CPU
		{E16FFBF1-9D62-4BB3-B16A-683D9EC074F4}.Debug|Any CPU.ActiveCfg = Debug|Any CPU
		{E16FFBF1-9D62-4BB3-B16A-683D9EC074F4}.Debug|Any CPU.Build.0 = Debug|Any CPU
		{E16FFBF1-9D62-4BB3-B16A-683D9EC074F4}.Release|Any CPU.ActiveCfg = Release|Any CPU
		{E16FFBF1-9D62-4BB3-B16A-683D9EC074F4}.Release|Any CPU.Build.0 = Release|Any CPU
		{58A02803-DDA1-4765-BC93-DC38B5A7C6A4}.Debug|Any CPU.ActiveCfg = Debug|Any CPU
		{58A02803-DDA1-4765-BC93-DC38B5A7C6A4}.Debug|Any CPU.Build.0 = Debug|Any CPU
		{58A02803-DDA1-4765-BC93-DC38B5A7C6A4}.Release|Any CPU.ActiveCfg = Release|Any CPU
		{58A02803-DDA1-4765-BC93-DC38B5A7C6A4}.Release|Any CPU.Build.0 = Release|Any CPU
	EndGlobalSection
	GlobalSection(SolutionProperties) = preSolution
		HideSolutionNode = FALSE
	EndGlobalSection
	GlobalSection(NestedProjects) = preSolution
		{61E6A3DA-CC0B-41C8-85E3-4BB24C5527E6} = {A1DF060E-376D-45EA-8B32-5A44C65C7A14}
		{245EEEFB-074B-4E36-820C-FED532C5C462} = {A1DF060E-376D-45EA-8B32-5A44C65C7A14}
		{EA58AD5C-ECB0-443D-B28F-1298AF6251BD} = {A1DF060E-376D-45EA-8B32-5A44C65C7A14}
		{262AC138-7D27-4962-9106-CCDB639AC2F6} = {A1DF060E-376D-45EA-8B32-5A44C65C7A14}
		{073AF514-F41F-49AE-808F-891B86298984} = {A1DF060E-376D-45EA-8B32-5A44C65C7A14}
		{E6EBCAA0-9EC4-45CC-B8F0-810AC397E12B} = {5AE8B49D-B6AD-433A-A3B2-786727CCB8DE}
		{5C9C4AC6-2284-4534-9409-57E347042933} = {5AE8B49D-B6AD-433A-A3B2-786727CCB8DE}
		{3AA6D142-1D3A-4103-B5FD-F849124A8C16} = {5AE8B49D-B6AD-433A-A3B2-786727CCB8DE}
		{363E04A5-8E80-49D9-AAB8-608B0CBBF005} = {5AE8B49D-B6AD-433A-A3B2-786727CCB8DE}
		{307EEA93-55B8-46B0-8A27-817422D26996} = {5AE8B49D-B6AD-433A-A3B2-786727CCB8DE}
		{46AD9DA7-063B-4CCC-9CC2-D4EFDC1E2E8B} = {5384E56C-48D1-4566-A790-DAED20B6349F}
		{0B6DFE71-AB35-4DE9-AA07-A9C013378CB1} = {5384E56C-48D1-4566-A790-DAED20B6349F}
		{69361B95-AE61-4469-AAD4-46917A0E9FD4} = {5384E56C-48D1-4566-A790-DAED20B6349F}
		{5FA66C4E-C4C9-4723-AB7C-4584E832C6A7} = {5384E56C-48D1-4566-A790-DAED20B6349F}
		{7F9A0894-DB2C-4EEE-8B3E-B0679346EFA0} = {863220DE-CD83-4E87-8815-1D8585868683}
		{40CAA994-CBD6-4116-B6AE-E8AA8E0E98B7} = {863220DE-CD83-4E87-8815-1D8585868683}
		{3A1E1559-B8DD-428A-B97A-5E6910FC0DE4} = {863220DE-CD83-4E87-8815-1D8585868683}
		{E16FFBF1-9D62-4BB3-B16A-683D9EC074F4} = {863220DE-CD83-4E87-8815-1D8585868683}
		{58A02803-DDA1-4765-BC93-DC38B5A7C6A4} = {D547E7BE-1A57-419E-A68B-8B111C9D7422}
	EndGlobalSection
	GlobalSection(ExtensibilityGlobals) = postSolution
		SolutionGuid = {15615195-1413-45BD-9547-F87BC14C0F44}
	EndGlobalSection
EndGlobal
